
Microsoft Visual Studio Solution File, Format Version 12.00
# Visual Studio Version 17
VisualStudioVersion = 17.0.31903.59
MinimumVisualStudioVersion = 10.0.40219.1
Project("{2150E333-8FDC-42A3-9474-1A3956D46DE8}") = "src", "src", "{629347AB-D271-496B-82CA-BB97FD7D3B96}"
EndProject
Project("{2150E333-8FDC-42A3-9474-1A3956D46DE8}") = "Bootstrapper", "Bootstrapper", "{4E333872-57D4-4649-A20D-5AC5469AAD30}"
EndProject
Project("{FAE04EC0-301F-11D3-BF4B-00C04F79EFBC}") = "WalletDrama.Bootstrapper", "src\Bootstrapper\WalletDrama.Bootstrapper\WalletDrama.Bootstrapper.csproj", "{36BC0E8E-0370-40AE-866C-6181D5D2A36F}"
EndProject
Project("{2150E333-8FDC-42A3-9474-1A3956D46DE8}") = "Modules", "Modules", "{0854DA89-78B7-4B08-9AC2-67A55FDA5615}"
EndProject
Project("{2150E333-8FDC-42A3-9474-1A3956D46DE8}") = "Auth", "Auth", "{FE29C3AC-7356-4235-97A0-C189433C7858}"
EndProject
Project("{FAE04EC0-301F-11D3-BF4B-00C04F79EFBC}") = "Auth.Api", "src\Modules\Auth\Auth.Api\Auth.Api.csproj", "{43B36653-54A6-44E0-8C3C-69280909D8A5}"
EndProject
Project("{FAE04EC0-301F-11D3-BF4B-00C04F79EFBC}") = "Auth.Core", "src\Modules\Auth\Auth.Core\Auth.Core.csproj", "{E11C144B-AE98-46EB-A856-94BB32D906FA}"
EndProject
Project("{2150E333-8FDC-42A3-9474-1A3956D46DE8}") = "Shared", "Shared", "{57062C83-D5C1-47BC-93D6-7ECA434A77C0}"
EndProject
Project("{FAE04EC0-301F-11D3-BF4B-00C04F79EFBC}") = "Shared.Abstractions", "src\Shared\Shared.Abstractions\Shared.Abstractions.csproj", "{10ACA1FF-C0C7-4107-8570-D8D9AC14F3A1}"
EndProject
Project("{FAE04EC0-301F-11D3-BF4B-00C04F79EFBC}") = "Shared.Infrastructure", "src\Shared\Shared.Infrastructure\Shared.Infrastructure.csproj", "{9F8EDC8A-83C5-4BDC-BA34-00E8EB971FE6}"
EndProject
Project("{2150E333-8FDC-42A3-9474-1A3956D46DE8}") = "Teams", "Teams", "{A81F7332-BB2A-4432-948E-8D975679C934}"
EndProject
Project("{FAE04EC0-301F-11D3-BF4B-00C04F79EFBC}") = "Teams.Domain", "src\Modules\Teams\Teams.Domain\Teams.Domain.csproj", "{6820EA8F-AF2B-4327-BDCA-70F8BF99C473}"
EndProject
Project("{FAE04EC0-301F-11D3-BF4B-00C04F79EFBC}") = "Shared.Domain", "src\Shared\Shared.Domain\Shared.Domain.csproj", "{C6E580CA-ACE4-4C3D-B976-2CEBE8327921}"
EndProject
Project("{FAE04EC0-301F-11D3-BF4B-00C04F79EFBC}") = "Teams.Persistence", "src\Modules\Teams\Teams.Persistence\Teams.Persistence.csproj", "{F202F8C0-3FCC-4371-95A6-06AC145E50E8}"
EndProject
Project("{FAE04EC0-301F-11D3-BF4B-00C04F79EFBC}") = "Teams.Api", "src\Modules\Teams\Teams.Api\Teams.Api.csproj", "{23DF52AD-E9CA-4F72-9517-DE821816787A}"
EndProject
Project("{FAE04EC0-301F-11D3-BF4B-00C04F79EFBC}") = "Teams.Core", "src\Modules\Teams\Teams.Core\Teams.Core.csproj", "{7069BC70-5CB8-478D-849F-2A784A0E6D85}"
EndProject
Project("{FAE04EC0-301F-11D3-BF4B-00C04F79EFBC}") = "Auth.Shared", "src\Modules\Auth\Auth.Shared\Auth.Shared.csproj", "{F6F0BEC5-3A1E-4C89-BD2C-0EF22853130B}"
EndProject
Project("{2150E333-8FDC-42A3-9474-1A3956D46DE8}") = "Budgets", "Budgets", "{C440DE6A-3321-4DDC-9787-5C3B63F8AD9C}"
EndProject
Project("{FAE04EC0-301F-11D3-BF4B-00C04F79EFBC}") = "Budgets.Api", "src\Modules\Budgets\Budgets.Api\Budgets.Api.csproj", "{A21F9B97-A44C-4590-AC01-DE8F7571EA95}"
EndProject
Project("{FAE04EC0-301F-11D3-BF4B-00C04F79EFBC}") = "Budgets.Core", "src\Modules\Budgets\Budgets.Core\Budgets.Core.csproj", "{38491E36-A6C2-4237-8DC0-68A4E6A20528}"
EndProject
Project("{FAE04EC0-301F-11D3-BF4B-00C04F79EFBC}") = "Budgets.Persistence", "src\Modules\Budgets\Budgets.Persistence\Budgets.Persistence.csproj", "{AD5309CC-A892-42E8-9BD1-6A6D7684DE9A}"
EndProject
Project("{FAE04EC0-301F-11D3-BF4B-00C04F79EFBC}") = "Budgets.Domain", "src\Modules\Budgets\Budgets.Domain\Budgets.Domain.csproj", "{4ED9FD8E-41F1-4C06-8A79-DD82F794549A}"
EndProject
Global
	GlobalSection(SolutionConfigurationPlatforms) = preSolution
		Debug|Any CPU = Debug|Any CPU
		Release|Any CPU = Release|Any CPU
	EndGlobalSection
	GlobalSection(SolutionProperties) = preSolution
		HideSolutionNode = FALSE
	EndGlobalSection
	GlobalSection(ProjectConfigurationPlatforms) = postSolution
		{36BC0E8E-0370-40AE-866C-6181D5D2A36F}.Debug|Any CPU.ActiveCfg = Debug|Any CPU
		{36BC0E8E-0370-40AE-866C-6181D5D2A36F}.Debug|Any CPU.Build.0 = Debug|Any CPU
		{36BC0E8E-0370-40AE-866C-6181D5D2A36F}.Release|Any CPU.ActiveCfg = Release|Any CPU
		{36BC0E8E-0370-40AE-866C-6181D5D2A36F}.Release|Any CPU.Build.0 = Release|Any CPU
		{43B36653-54A6-44E0-8C3C-69280909D8A5}.Debug|Any CPU.ActiveCfg = Debug|Any CPU
		{43B36653-54A6-44E0-8C3C-69280909D8A5}.Debug|Any CPU.Build.0 = Debug|Any CPU
		{43B36653-54A6-44E0-8C3C-69280909D8A5}.Release|Any CPU.ActiveCfg = Release|Any CPU
		{43B36653-54A6-44E0-8C3C-69280909D8A5}.Release|Any CPU.Build.0 = Release|Any CPU
		{E11C144B-AE98-46EB-A856-94BB32D906FA}.Debug|Any CPU.ActiveCfg = Debug|Any CPU
		{E11C144B-AE98-46EB-A856-94BB32D906FA}.Debug|Any CPU.Build.0 = Debug|Any CPU
		{E11C144B-AE98-46EB-A856-94BB32D906FA}.Release|Any CPU.ActiveCfg = Release|Any CPU
		{E11C144B-AE98-46EB-A856-94BB32D906FA}.Release|Any CPU.Build.0 = Release|Any CPU
		{10ACA1FF-C0C7-4107-8570-D8D9AC14F3A1}.Debug|Any CPU.ActiveCfg = Debug|Any CPU
		{10ACA1FF-C0C7-4107-8570-D8D9AC14F3A1}.Debug|Any CPU.Build.0 = Debug|Any CPU
		{10ACA1FF-C0C7-4107-8570-D8D9AC14F3A1}.Release|Any CPU.ActiveCfg = Release|Any CPU
		{10ACA1FF-C0C7-4107-8570-D8D9AC14F3A1}.Release|Any CPU.Build.0 = Release|Any CPU
		{9F8EDC8A-83C5-4BDC-BA34-00E8EB971FE6}.Debug|Any CPU.ActiveCfg = Debug|Any CPU
		{9F8EDC8A-83C5-4BDC-BA34-00E8EB971FE6}.Debug|Any CPU.Build.0 = Debug|Any CPU
		{9F8EDC8A-83C5-4BDC-BA34-00E8EB971FE6}.Release|Any CPU.ActiveCfg = Release|Any CPU
		{9F8EDC8A-83C5-4BDC-BA34-00E8EB971FE6}.Release|Any CPU.Build.0 = Release|Any CPU
		{6820EA8F-AF2B-4327-BDCA-70F8BF99C473}.Debug|Any CPU.ActiveCfg = Debug|Any CPU
		{6820EA8F-AF2B-4327-BDCA-70F8BF99C473}.Debug|Any CPU.Build.0 = Debug|Any CPU
		{6820EA8F-AF2B-4327-BDCA-70F8BF99C473}.Release|Any CPU.ActiveCfg = Release|Any CPU
		{6820EA8F-AF2B-4327-BDCA-70F8BF99C473}.Release|Any CPU.Build.0 = Release|Any CPU
		{C6E580CA-ACE4-4C3D-B976-2CEBE8327921}.Debug|Any CPU.ActiveCfg = Debug|Any CPU
		{C6E580CA-ACE4-4C3D-B976-2CEBE8327921}.Debug|Any CPU.Build.0 = Debug|Any CPU
		{C6E580CA-ACE4-4C3D-B976-2CEBE8327921}.Release|Any CPU.ActiveCfg = Release|Any CPU
		{C6E580CA-ACE4-4C3D-B976-2CEBE8327921}.Release|Any CPU.Build.0 = Release|Any CPU
		{F202F8C0-3FCC-4371-95A6-06AC145E50E8}.Debug|Any CPU.ActiveCfg = Debug|Any CPU
		{F202F8C0-3FCC-4371-95A6-06AC145E50E8}.Debug|Any CPU.Build.0 = Debug|Any CPU
		{F202F8C0-3FCC-4371-95A6-06AC145E50E8}.Release|Any CPU.ActiveCfg = Release|Any CPU
		{F202F8C0-3FCC-4371-95A6-06AC145E50E8}.Release|Any CPU.Build.0 = Release|Any CPU
		{23DF52AD-E9CA-4F72-9517-DE821816787A}.Debug|Any CPU.ActiveCfg = Debug|Any CPU
		{23DF52AD-E9CA-4F72-9517-DE821816787A}.Debug|Any CPU.Build.0 = Debug|Any CPU
		{23DF52AD-E9CA-4F72-9517-DE821816787A}.Release|Any CPU.ActiveCfg = Release|Any CPU
		{23DF52AD-E9CA-4F72-9517-DE821816787A}.Release|Any CPU.Build.0 = Release|Any CPU
		{7069BC70-5CB8-478D-849F-2A784A0E6D85}.Debug|Any CPU.ActiveCfg = Debug|Any CPU
		{7069BC70-5CB8-478D-849F-2A784A0E6D85}.Debug|Any CPU.Build.0 = Debug|Any CPU
		{7069BC70-5CB8-478D-849F-2A784A0E6D85}.Release|Any CPU.ActiveCfg = Release|Any CPU
		{7069BC70-5CB8-478D-849F-2A784A0E6D85}.Release|Any CPU.Build.0 = Release|Any CPU
		{F6F0BEC5-3A1E-4C89-BD2C-0EF22853130B}.Debug|Any CPU.ActiveCfg = Debug|Any CPU
		{F6F0BEC5-3A1E-4C89-BD2C-0EF22853130B}.Debug|Any CPU.Build.0 = Debug|Any CPU
		{F6F0BEC5-3A1E-4C89-BD2C-0EF22853130B}.Release|Any CPU.ActiveCfg = Release|Any CPU
		{F6F0BEC5-3A1E-4C89-BD2C-0EF22853130B}.Release|Any CPU.Build.0 = Release|Any CPU
		{A21F9B97-A44C-4590-AC01-DE8F7571EA95}.Debug|Any CPU.ActiveCfg = Debug|Any CPU
		{A21F9B97-A44C-4590-AC01-DE8F7571EA95}.Debug|Any CPU.Build.0 = Debug|Any CPU
		{A21F9B97-A44C-4590-AC01-DE8F7571EA95}.Release|Any CPU.ActiveCfg = Release|Any CPU
		{A21F9B97-A44C-4590-AC01-DE8F7571EA95}.Release|Any CPU.Build.0 = Release|Any CPU
		{38491E36-A6C2-4237-8DC0-68A4E6A20528}.Debug|Any CPU.ActiveCfg = Debug|Any CPU
		{38491E36-A6C2-4237-8DC0-68A4E6A20528}.Debug|Any CPU.Build.0 = Debug|Any CPU
		{38491E36-A6C2-4237-8DC0-68A4E6A20528}.Release|Any CPU.ActiveCfg = Release|Any CPU
		{38491E36-A6C2-4237-8DC0-68A4E6A20528}.Release|Any CPU.Build.0 = Release|Any CPU
		{AD5309CC-A892-42E8-9BD1-6A6D7684DE9A}.Debug|Any CPU.ActiveCfg = Debug|Any CPU
		{AD5309CC-A892-42E8-9BD1-6A6D7684DE9A}.Debug|Any CPU.Build.0 = Debug|Any CPU
		{AD5309CC-A892-42E8-9BD1-6A6D7684DE9A}.Release|Any CPU.ActiveCfg = Release|Any CPU
		{AD5309CC-A892-42E8-9BD1-6A6D7684DE9A}.Release|Any CPU.Build.0 = Release|Any CPU
		{4ED9FD8E-41F1-4C06-8A79-DD82F794549A}.Debug|Any CPU.ActiveCfg = Debug|Any CPU
		{4ED9FD8E-41F1-4C06-8A79-DD82F794549A}.Debug|Any CPU.Build.0 = Debug|Any CPU
		{4ED9FD8E-41F1-4C06-8A79-DD82F794549A}.Release|Any CPU.ActiveCfg = Release|Any CPU
		{4ED9FD8E-41F1-4C06-8A79-DD82F794549A}.Release|Any CPU.Build.0 = Release|Any CPU
	EndGlobalSection
	GlobalSection(NestedProjects) = preSolution
		{4E333872-57D4-4649-A20D-5AC5469AAD30} = {629347AB-D271-496B-82CA-BB97FD7D3B96}
		{36BC0E8E-0370-40AE-866C-6181D5D2A36F} = {4E333872-57D4-4649-A20D-5AC5469AAD30}
		{0854DA89-78B7-4B08-9AC2-67A55FDA5615} = {629347AB-D271-496B-82CA-BB97FD7D3B96}
		{FE29C3AC-7356-4235-97A0-C189433C7858} = {0854DA89-78B7-4B08-9AC2-67A55FDA5615}
		{43B36653-54A6-44E0-8C3C-69280909D8A5} = {FE29C3AC-7356-4235-97A0-C189433C7858}
		{E11C144B-AE98-46EB-A856-94BB32D906FA} = {FE29C3AC-7356-4235-97A0-C189433C7858}
		{57062C83-D5C1-47BC-93D6-7ECA434A77C0} = {629347AB-D271-496B-82CA-BB97FD7D3B96}
		{10ACA1FF-C0C7-4107-8570-D8D9AC14F3A1} = {57062C83-D5C1-47BC-93D6-7ECA434A77C0}
		{9F8EDC8A-83C5-4BDC-BA34-00E8EB971FE6} = {57062C83-D5C1-47BC-93D6-7ECA434A77C0}
		{A81F7332-BB2A-4432-948E-8D975679C934} = {0854DA89-78B7-4B08-9AC2-67A55FDA5615}
		{6820EA8F-AF2B-4327-BDCA-70F8BF99C473} = {A81F7332-BB2A-4432-948E-8D975679C934}
		{C6E580CA-ACE4-4C3D-B976-2CEBE8327921} = {57062C83-D5C1-47BC-93D6-7ECA434A77C0}
		{F202F8C0-3FCC-4371-95A6-06AC145E50E8} = {A81F7332-BB2A-4432-948E-8D975679C934}
		{23DF52AD-E9CA-4F72-9517-DE821816787A} = {A81F7332-BB2A-4432-948E-8D975679C934}
		{7069BC70-5CB8-478D-849F-2A784A0E6D85} = {A81F7332-BB2A-4432-948E-8D975679C934}
		{F6F0BEC5-3A1E-4C89-BD2C-0EF22853130B} = {FE29C3AC-7356-4235-97A0-C189433C7858}
		{C440DE6A-3321-4DDC-9787-5C3B63F8AD9C} = {0854DA89-78B7-4B08-9AC2-67A55FDA5615}
		{A21F9B97-A44C-4590-AC01-DE8F7571EA95} = {C440DE6A-3321-4DDC-9787-5C3B63F8AD9C}
		{38491E36-A6C2-4237-8DC0-68A4E6A20528} = {C440DE6A-3321-4DDC-9787-5C3B63F8AD9C}
		{AD5309CC-A892-42E8-9BD1-6A6D7684DE9A} = {C440DE6A-3321-4DDC-9787-5C3B63F8AD9C}
		{4ED9FD8E-41F1-4C06-8A79-DD82F794549A} = {C440DE6A-3321-4DDC-9787-5C3B63F8AD9C}
	EndGlobalSection
EndGlobal
