
Microsoft Visual Studio Solution File, Format Version 12.00
# Visual Studio Version 17
VisualStudioVersion = 17.0.31903.59
MinimumVisualStudioVersion = 10.0.40219.1
Project("{2150E333-8FDC-42A3-9474-1A3956D46DE8}") = "src", "src", "{629347AB-D271-496B-82CA-BB97FD7D3B96}"
EndProject
Project("{2150E333-8FDC-42A3-9474-1A3956D46DE8}") = "Bootstrapper", "Bootstrapper", "{4E333872-57D4-4649-A20D-5AC5469AAD30}"
EndProject
Project("{FAE04EC0-301F-11D3-BF4B-00C04F79EFBC}") = "WalletDrama.Bootstrapper", "src\Bootstrapper\WalletDrama.Bootstrapper\WalletDrama.Bootstrapper.csproj", "{36BC0E8E-0370-40AE-866C-6181D5D2A36F}"
EndProject
Project("{2150E333-8FDC-42A3-9474-1A3956D46DE8}") = "Modules", "Modules", "{0854DA89-78B7-4B08-9AC2-67A55FDA5615}"
EndProject
Project("{2150E333-8FDC-42A3-9474-1A3956D46DE8}") = "Auth", "Auth", "{FE29C3AC-7356-4235-97A0-C189433C7858}"
EndProject
Project("{FAE04EC0-301F-11D3-BF4B-00C04F79EFBC}") = "Auth.Api", "src\Modules\Auth\Auth.Api\Auth.Api.csproj", "{43B36653-54A6-44E0-8C3C-69280909D8A5}"
EndProject
Project("{FAE04EC0-301F-11D3-BF4B-00C04F79EFBC}") = "Auth.Core", "src\Modules\Auth\Auth.Core\Auth.Core.csproj", "{E11C144B-AE98-46EB-A856-94BB32D906FA}"
EndProject
Project("{2150E333-8FDC-42A3-9474-1A3956D46DE8}") = "Shared", "Shared", "{57062C83-D5C1-47BC-93D6-7ECA434A77C0}"
EndProject
Project("{FAE04EC0-301F-11D3-BF4B-00C04F79EFBC}") = "Shared.Abstractions", "src\Shared\Shared.Abstractions\Shared.Abstractions.csproj", "{10ACA1FF-C0C7-4107-8570-D8D9AC14F3A1}"
EndProject
Project("{FAE04EC0-301F-11D3-BF4B-00C04F79EFBC}") = "Shared.Infrastructure", "src\Shared\Shared.Infrastructure\Shared.Infrastructure.csproj", "{9F8EDC8A-83C5-4BDC-BA34-00E8EB971FE6}"
EndProject
Global
	GlobalSection(SolutionConfigurationPlatforms) = preSolution
		Debug|Any CPU = Debug|Any CPU
		Release|Any CPU = Release|Any CPU
	EndGlobalSection
	GlobalSection(SolutionProperties) = preSolution
		HideSolutionNode = FALSE
	EndGlobalSection
	GlobalSection(ProjectConfigurationPlatforms) = postSolution
		{36BC0E8E-0370-40AE-866C-6181D5D2A36F}.Debug|Any CPU.ActiveCfg = Debug|Any CPU
		{36BC0E8E-0370-40AE-866C-6181D5D2A36F}.Debug|Any CPU.Build.0 = Debug|Any CPU
		{36BC0E8E-0370-40AE-866C-6181D5D2A36F}.Release|Any CPU.ActiveCfg = Release|Any CPU
		{36BC0E8E-0370-40AE-866C-6181D5D2A36F}.Release|Any CPU.Build.0 = Release|Any CPU
		{43B36653-54A6-44E0-8C3C-69280909D8A5}.Debug|Any CPU.ActiveCfg = Debug|Any CPU
		{43B36653-54A6-44E0-8C3C-69280909D8A5}.Debug|Any CPU.Build.0 = Debug|Any CPU
		{43B36653-54A6-44E0-8C3C-69280909D8A5}.Release|Any CPU.ActiveCfg = Release|Any CPU
		{43B36653-54A6-44E0-8C3C-69280909D8A5}.Release|Any CPU.Build.0 = Release|Any CPU
		{E11C144B-AE98-46EB-A856-94BB32D906FA}.Debug|Any CPU.ActiveCfg = Debug|Any CPU
		{E11C144B-AE98-46EB-A856-94BB32D906FA}.Debug|Any CPU.Build.0 = Debug|Any CPU
		{E11C144B-AE98-46EB-A856-94BB32D906FA}.Release|Any CPU.ActiveCfg = Release|Any CPU
		{E11C144B-AE98-46EB-A856-94BB32D906FA}.Release|Any CPU.Build.0 = Release|Any CPU
		{10ACA1FF-C0C7-4107-8570-D8D9AC14F3A1}.Debug|Any CPU.ActiveCfg = Debug|Any CPU
		{10ACA1FF-C0C7-4107-8570-D8D9AC14F3A1}.Debug|Any CPU.Build.0 = Debug|Any CPU
		{10ACA1FF-C0C7-4107-8570-D8D9AC14F3A1}.Release|Any CPU.ActiveCfg = Release|Any CPU
		{10ACA1FF-C0C7-4107-8570-D8D9AC14F3A1}.Release|Any CPU.Build.0 = Release|Any CPU
		{9F8EDC8A-83C5-4BDC-BA34-00E8EB971FE6}.Debug|Any CPU.ActiveCfg = Debug|Any CPU
		{9F8EDC8A-83C5-4BDC-BA34-00E8EB971FE6}.Debug|Any CPU.Build.0 = Debug|Any CPU
		{9F8EDC8A-83C5-4BDC-BA34-00E8EB971FE6}.Release|Any CPU.ActiveCfg = Release|Any CPU
		{9F8EDC8A-83C5-4BDC-BA34-00E8EB971FE6}.Release|Any CPU.Build.0 = Release|Any CPU
	EndGlobalSection
	GlobalSection(NestedProjects) = preSolution
		{4E333872-57D4-4649-A20D-5AC5469AAD30} = {629347AB-D271-496B-82CA-BB97FD7D3B96}
		{36BC0E8E-0370-40AE-866C-6181D5D2A36F} = {4E333872-57D4-4649-A20D-5AC5469AAD30}
		{0854DA89-78B7-4B08-9AC2-67A55FDA5615} = {629347AB-D271-496B-82CA-BB97FD7D3B96}
		{FE29C3AC-7356-4235-97A0-C189433C7858} = {0854DA89-78B7-4B08-9AC2-67A55FDA5615}
		{43B36653-54A6-44E0-8C3C-69280909D8A5} = {FE29C3AC-7356-4235-97A0-C189433C7858}
		{E11C144B-AE98-46EB-A856-94BB32D906FA} = {FE29C3AC-7356-4235-97A0-C189433C7858}
		{57062C83-D5C1-47BC-93D6-7ECA434A77C0} = {629347AB-D271-496B-82CA-BB97FD7D3B96}
		{10ACA1FF-C0C7-4107-8570-D8D9AC14F3A1} = {57062C83-D5C1-47BC-93D6-7ECA434A77C0}
		{9F8EDC8A-83C5-4BDC-BA34-00E8EB971FE6} = {57062C83-D5C1-47BC-93D6-7ECA434A77C0}
	EndGlobalSection
EndGlobal
